
Microsoft Visual Studio Solution File, Format Version 12.00
# Visual Studio Version 16
VisualStudioVersion = 16.0.31019.35
MinimumVisualStudioVersion = 10.0.40219.1
Project("{FAE04EC0-301F-11D3-BF4B-00C04F79EFBC}") = "NetBoletoSantander", "NetBoletoSantander.csproj", "{C08462A6-BD5F-47FB-87B9-A4D4416457E5}"
EndProject
Global
	GlobalSection(SolutionConfigurationPlatforms) = preSolution
		Debug|Any CPU = Debug|Any CPU
		Release|Any CPU = Release|Any CPU
	EndGlobalSection
	GlobalSection(ProjectConfigurationPlatforms) = postSolution
		{C08462A6-BD5F-47FB-87B9-A4D4416457E5}.Debug|Any CPU.ActiveCfg = Debug|Any CPU
		{C08462A6-BD5F-47FB-87B9-A4D4416457E5}.Debug|Any CPU.Build.0 = Debug|Any CPU
		{C08462A6-BD5F-47FB-87B9-A4D4416457E5}.Release|Any CPU.ActiveCfg = Release|Any CPU
		{C08462A6-BD5F-47FB-87B9-A4D4416457E5}.Release|Any CPU.Build.0 = Release|Any CPU
	EndGlobalSection
	GlobalSection(SolutionProperties) = preSolution
		HideSolutionNode = FALSE
	EndGlobalSection
	GlobalSection(ExtensibilityGlobals) = postSolution
		SolutionGuid = {FE8A25F8-BE42-4F7F-9B36-2BE26D624F7F}
	EndGlobalSection
EndGlobal
